
Microsoft Visual Studio Solution File, Format Version 12.00
# Visual Studio Version 17
VisualStudioVersion = 17.2.32616.157
MinimumVisualStudioVersion = 10.0.40219.1
Project("{FAE04EC0-301F-11D3-BF4B-00C04F79EFBC}") = "Klasser", "Klasser\Klasser.csproj", "{FF69FA35-BCD9-43C3-AFE5-AEDE140D785C}"
EndProject
Global
	GlobalSection(SolutionConfigurationPlatforms) = preSolution
		Debug|Any CPU = Debug|Any CPU
		Release|Any CPU = Release|Any CPU
	EndGlobalSection
	GlobalSection(ProjectConfigurationPlatforms) = postSolution
		{FF69FA35-BCD9-43C3-AFE5-AEDE140D785C}.Debug|Any CPU.ActiveCfg = Debug|Any CPU
		{FF69FA35-BCD9-43C3-AFE5-AEDE140D785C}.Debug|Any CPU.Build.0 = Debug|Any CPU
		{FF69FA35-BCD9-43C3-AFE5-AEDE140D785C}.Release|Any CPU.ActiveCfg = Release|Any CPU
		{FF69FA35-BCD9-43C3-AFE5-AEDE140D785C}.Release|Any CPU.Build.0 = Release|Any CPU
	EndGlobalSection
	GlobalSection(SolutionProperties) = preSolution
		HideSolutionNode = FALSE
	EndGlobalSection
	GlobalSection(ExtensibilityGlobals) = postSolution
		SolutionGuid = {5107535B-64EE-4BDB-8845-8BCA39B41D09}
	EndGlobalSection
EndGlobal
